
Microsoft Visual Studio Solution File, Format Version 12.00
# Visual Studio Version 17
VisualStudioVersion = 17.0.31912.275
MinimumVisualStudioVersion = 10.0.40219.1
Project("{9A19103F-16F7-4668-BE54-9A1E7A4F7556}") = "Aiirh.Basic.Tests", "Aiirh.Basic.Tests\Aiirh.Basic.Tests.csproj", "{9826D83E-0F08-4F8E-9D57-9297D18F1093}"
EndProject
Project("{9A19103F-16F7-4668-BE54-9A1E7A4F7556}") = "Aiirh.Basic", "Aiirh.Basic\Aiirh.Basic.csproj", "{E4E656CC-6513-4024-AD30-475F79C3F6C6}"
EndProject
Project("{2150E333-8FDC-42A3-9474-1A3956D46DE8}") = "Solution Items", "Solution Items", "{63765E79-5D4F-40F4-8C02-94F379A03167}"
	ProjectSection(SolutionItems) = preProject
		.editorconfig = .editorconfig
		AiirhLogo128.png = AiirhLogo128.png
		README.md = README.md
		stylecop.json = stylecop.json
		stylecop.ruleset = stylecop.ruleset
	EndProjectSection
EndProject
Global
	GlobalSection(SolutionConfigurationPlatforms) = preSolution
		Debug|Any CPU = Debug|Any CPU
		Release|Any CPU = Release|Any CPU
	EndGlobalSection
	GlobalSection(ProjectConfigurationPlatforms) = postSolution
		{9826D83E-0F08-4F8E-9D57-9297D18F1093}.Debug|Any CPU.ActiveCfg = Debug|Any CPU
		{9826D83E-0F08-4F8E-9D57-9297D18F1093}.Debug|Any CPU.Build.0 = Debug|Any CPU
		{9826D83E-0F08-4F8E-9D57-9297D18F1093}.Release|Any CPU.ActiveCfg = Release|Any CPU
		{9826D83E-0F08-4F8E-9D57-9297D18F1093}.Release|Any CPU.Build.0 = Release|Any CPU
		{E4E656CC-6513-4024-AD30-475F79C3F6C6}.Debug|Any CPU.ActiveCfg = Debug|Any CPU
		{E4E656CC-6513-4024-AD30-475F79C3F6C6}.Debug|Any CPU.Build.0 = Debug|Any CPU
		{E4E656CC-6513-4024-AD30-475F79C3F6C6}.Release|Any CPU.ActiveCfg = Release|Any CPU
		{E4E656CC-6513-4024-AD30-475F79C3F6C6}.Release|Any CPU.Build.0 = Release|Any CPU
	EndGlobalSection
	GlobalSection(SolutionProperties) = preSolution
		HideSolutionNode = FALSE
	EndGlobalSection
	GlobalSection(ExtensibilityGlobals) = postSolution
		SolutionGuid = {B386BE53-FA4E-4DE1-8B8B-151FE25E8B86}
	EndGlobalSection
EndGlobal
